
Microsoft Visual Studio Solution File, Format Version 12.00
# Visual Studio Version 17
VisualStudioVersion = 17.3.32929.385
MinimumVisualStudioVersion = 10.0.40219.1
Project("{FAE04EC0-301F-11D3-BF4B-00C04F79EFBC}") = "NpoiDemo", "NpoiDemo\NpoiDemo.csproj", "{C9734C48-42B0-4EF1-A0DA-D2CC090922DD}"
EndProject
Global
	GlobalSection(SolutionConfigurationPlatforms) = preSolution
		Debug|Any CPU = Debug|Any CPU
		Release|Any CPU = Release|Any CPU
	EndGlobalSection
	GlobalSection(ProjectConfigurationPlatforms) = postSolution
		{C9734C48-42B0-4EF1-A0DA-D2CC090922DD}.Debug|Any CPU.ActiveCfg = Debug|Any CPU
		{C9734C48-42B0-4EF1-A0DA-D2CC090922DD}.Debug|Any CPU.Build.0 = Debug|Any CPU
		{C9734C48-42B0-4EF1-A0DA-D2CC090922DD}.Release|Any CPU.ActiveCfg = Release|Any CPU
		{C9734C48-42B0-4EF1-A0DA-D2CC090922DD}.Release|Any CPU.Build.0 = Release|Any CPU
	EndGlobalSection
	GlobalSection(SolutionProperties) = preSolution
		HideSolutionNode = FALSE
	EndGlobalSection
	GlobalSection(ExtensibilityGlobals) = postSolution
		SolutionGuid = {887E8DCC-4B78-41E1-8D4F-680325D7CB1C}
	EndGlobalSection
EndGlobal
